
Microsoft Visual Studio Solution File, Format Version 12.00
# Visual Studio Version 17
VisualStudioVersion = 17.14.36705.20 d17.14
MinimumVisualStudioVersion = 10.0.40219.1
Project("{FAE04EC0-301F-11D3-BF4B-00C04F79EFBC}") = "UsersRoles", "UsersRoles.csproj", "{F70F376E-33E4-4FBD-AB1B-84A3EADA82A0}"
EndProject
Global
	GlobalSection(SolutionConfigurationPlatforms) = preSolution
		Debug|Any CPU = Debug|Any CPU
		Release|Any CPU = Release|Any CPU
	EndGlobalSection
	GlobalSection(ProjectConfigurationPlatforms) = postSolution
		{F70F376E-33E4-4FBD-AB1B-84A3EADA82A0}.Debug|Any CPU.ActiveCfg = Debug|Any CPU
		{F70F376E-33E4-4FBD-AB1B-84A3EADA82A0}.Debug|Any CPU.Build.0 = Debug|Any CPU
		{F70F376E-33E4-4FBD-AB1B-84A3EADA82A0}.Release|Any CPU.ActiveCfg = Release|Any CPU
		{F70F376E-33E4-4FBD-AB1B-84A3EADA82A0}.Release|Any CPU.Build.0 = Release|Any CPU
	EndGlobalSection
	GlobalSection(SolutionProperties) = preSolution
		HideSolutionNode = FALSE
	EndGlobalSection
	GlobalSection(ExtensibilityGlobals) = postSolution
		SolutionGuid = {48BC8B3F-0C3C-44ED-954B-060C01C5151F}
	EndGlobalSection
EndGlobal
